// !$*UTF8*$!
{
	archiveVersion = 1;
	classes = {
	};
	objectVersion = 48;
	objects = {

/* Begin PBXBuildFile section */
		6E751A0E206D190900E5A49F /* AppDelegate.swift in Sources */ = {isa = PBXBuildFile; fileRef = 6E751A0D206D190900E5A49F /* AppDelegate.swift */; };
		6E751A10206D190900E5A49F /* ViewController.swift in Sources */ = {isa = PBXBuildFile; fileRef = 6E751A0F206D190900E5A49F /* ViewController.swift */; };
		6E751A13206D190900E5A49F /* Main.storyboard in Resources */ = {isa = PBXBuildFile; fileRef = 6E751A11206D190900E5A49F /* Main.storyboard */; };
		6E751A15206D190900E5A49F /* Assets.xcassets in Resources */ = {isa = PBXBuildFile; fileRef = 6E751A14206D190900E5A49F /* Assets.xcassets */; };
		6E751A18206D190900E5A49F /* LaunchScreen.storyboard in Resources */ = {isa = PBXBuildFile; fileRef = 6E751A16206D190900E5A49F /* LaunchScreen.storyboard */; };
		6E751A21206D247600E5A49F /* ARLocation.swift in Sources */ = {isa = PBXBuildFile; fileRef = 6E751A20206D247600E5A49F /* ARLocation.swift */; };
		6E751A23206D248C00E5A49F /* FloatingPoint+Extension.swift in Sources */ = {isa = PBXBuildFile; fileRef = 6E751A22206D248C00E5A49F /* FloatingPoint+Extension.swift */; };
		6E751A25206D24A100E5A49F /* art.scnassets in Resources */ = {isa = PBXBuildFile; fileRef = 6E751A24206D24A100E5A49F /* art.scnassets */; };
		E508C82791A737B329166789 /* Pods_ARSearch.framework in Frameworks */ = {isa = PBXBuildFile; fileRef = 365181832397FE646BFA22FB /* Pods_ARSearch.framework */; };
/* End PBXBuildFile section */

/* Begin PBXFileReference section */
		365181832397FE646BFA22FB /* Pods_ARSearch.framework */ = {isa = PBXFileReference; explicitFileType = wrapper.framework; includeInIndex = 0; path = Pods_ARSearch.framework; sourceTree = BUILT_PRODUCTS_DIR; };
		5674198E828D14769FD084D2 /* Pods-ARSearch.debug.xcconfig */ = {isa = PBXFileReference; includeInIndex = 1; lastKnownFileType = text.xcconfig; name = "Pods-ARSearch.debug.xcconfig"; path = "Pods/Target Support Files/Pods-ARSearch/Pods-ARSearch.debug.xcconfig"; sourceTree = "<group>"; };
		6E751A0A206D190900E5A49F /* ARSearch.app */ = {isa = PBXFileReference; explicitFileType = wrapper.application; includeInIndex = 0; path = ARSearch.app; sourceTree = BUILT_PRODUCTS_DIR; };
		6E751A0D206D190900E5A49F /* AppDelegate.swift */ = {isa = PBXFileReference; lastKnownFileType = sourcecode.swift; path = AppDelegate.swift; sourceTree = "<group>"; };
		6E751A0F206D190900E5A49F /* ViewController.swift */ = {isa = PBXFileReference; lastKnownFileType = sourcecode.swift; path = ViewController.swift; sourceTree = "<group>"; };
		6E751A12206D190900E5A49F /* Base */ = {isa = PBXFileReference; lastKnownFileType = file.storyboard; name = Base; path = Base.lproj/Main.storyboard; sourceTree = "<group>"; };
		6E751A14206D190900E5A49F /* Assets.xcassets */ = {isa = PBXFileReference; lastKnownFileType = folder.assetcatalog; path = Assets.xcassets; sourceTree = "<group>"; };
		6E751A17206D190900E5A49F /* Base */ = {isa = PBXFileReference; lastKnownFileType = file.storyboard; name = Base; path = Base.lproj/LaunchScreen.storyboard; sourceTree = "<group>"; };
		6E751A19206D190900E5A49F /* Info.plist */ = {isa = PBXFileReference; lastKnownFileType = text.plist.xml; path = Info.plist; sourceTree = "<group>"; };
		6E751A20206D247600E5A49F /* ARLocation.swift */ = {isa = PBXFileReference; lastKnownFileType = sourcecode.swift; path = ARLocation.swift; sourceTree = "<group>"; };
		6E751A22206D248C00E5A49F /* FloatingPoint+Extension.swift */ = {isa = PBXFileReference; lastKnownFileType = sourcecode.swift; path = "FloatingPoint+Extension.swift"; sourceTree = "<group>"; };
		6E751A24206D24A100E5A49F /* art.scnassets */ = {isa = PBXFileReference; lastKnownFileType = wrapper.scnassets; path = art.scnassets; sourceTree = "<group>"; };
		70761E57056F64D5B0E546A0 /* Pods-ARSearch.release.xcconfig */ = {isa = PBXFileReference; includeInIndex = 1; lastKnownFileType = text.xcconfig; name = "Pods-ARSearch.release.xcconfig"; path = "Pods/Target Support Files/Pods-ARSearch/Pods-ARSearch.release.xcconfig"; sourceTree = "<group>"; };
/* End PBXFileReference section */

/* Begin PBXFrameworksBuildPhase section */
		6E751A07206D190900E5A49F /* Frameworks */ = {
			isa = PBXFrameworksBuildPhase;
			buildActionMask = 2147483647;
			files = (
				E508C82791A737B329166789 /* Pods_ARSearch.framework in Frameworks */,
			);
			runOnlyForDeploymentPostprocessing = 0;
		};
/* End PBXFrameworksBuildPhase section */

/* Begin PBXGroup section */
		5FEACC677546E88FCF512D8A /* Frameworks */ = {
			isa = PBXGroup;
			children = (
				365181832397FE646BFA22FB /* Pods_ARSearch.framework */,
			);
			name = Frameworks;
			sourceTree = "<group>";
		};
		6E751A01206D190900E5A49F = {
			isa = PBXGroup;
			children = (
				6E751A0C206D190900E5A49F /* ARSearch */,
				6E751A0B206D190900E5A49F /* Products */,
				8A03947FA8F073F7B3D24E1C /* Pods */,
				5FEACC677546E88FCF512D8A /* Frameworks */,
			);
			sourceTree = "<group>";
		};
		6E751A0B206D190900E5A49F /* Products */ = {
			isa = PBXGroup;
			children = (
				6E751A0A206D190900E5A49F /* ARSearch.app */,
			);
			name = Products;
			sourceTree = "<group>";
		};
		6E751A0C206D190900E5A49F /* ARSearch */ = {
			isa = PBXGroup;
			children = (
				6E751A1F206D245A00E5A49F /* ARStuff */,
				6E751A0D206D190900E5A49F /* AppDelegate.swift */,
				6E751A0F206D190900E5A49F /* ViewController.swift */,
				6E751A11206D190900E5A49F /* Main.storyboard */,
				6E751A14206D190900E5A49F /* Assets.xcassets */,
				6E751A16206D190900E5A49F /* LaunchScreen.storyboard */,
				6E751A19206D190900E5A49F /* Info.plist */,
				6E751A24206D24A100E5A49F /* art.scnassets */,
			);
			path = ARSearch;
			sourceTree = "<group>";
		};
		6E751A1F206D245A00E5A49F /* ARStuff */ = {
			isa = PBXGroup;
			children = (
				6E751A20206D247600E5A49F /* ARLocation.swift */,
				6E751A22206D248C00E5A49F /* FloatingPoint+Extension.swift */,
			);
			path = ARStuff;
			sourceTree = "<group>";
		};
		8A03947FA8F073F7B3D24E1C /* Pods */ = {
			isa = PBXGroup;
			children = (
				5674198E828D14769FD084D2 /* Pods-ARSearch.debug.xcconfig */,
				70761E57056F64D5B0E546A0 /* Pods-ARSearch.release.xcconfig */,
			);
			name = Pods;
			sourceTree = "<group>";
		};
/* End PBXGroup section */

/* Begin PBXNativeTarget section */
		6E751A09206D190900E5A49F /* ARSearch */ = {
			isa = PBXNativeTarget;
			buildConfigurationList = 6E751A1C206D190900E5A49F /* Build configuration list for PBXNativeTarget "ARSearch" */;
			buildPhases = (
				E6F8BCD7890E5D850A446C36 /* [CP] Check Pods Manifest.lock */,
				6E751A06206D190900E5A49F /* Sources */,
				6E751A07206D190900E5A49F /* Frameworks */,
				6E751A08206D190900E5A49F /* Resources */,
				DC9D65CEF2EFA26802364E84 /* [CP] Embed Pods Frameworks */,
				8C48646B1574071A8EFDBB2B /* [CP] Copy Pods Resources */,
			);
			buildRules = (
			);
			dependencies = (
			);
			name = ARSearch;
			productName = ARSearch;
			productReference = 6E751A0A206D190900E5A49F /* ARSearch.app */;
			productType = "com.apple.product-type.application";
		};
/* End PBXNativeTarget section */

/* Begin PBXProject section */
		6E751A02206D190900E5A49F /* Project object */ = {
			isa = PBXProject;
			attributes = {
				LastSwiftUpdateCheck = 0920;
				LastUpgradeCheck = 0920;
				ORGANIZATIONNAME = MattChojnacki;
				TargetAttributes = {
					6E751A09206D190900E5A49F = {
						CreatedOnToolsVersion = 9.2;
						ProvisioningStyle = Automatic;
					};
				};
			};
			buildConfigurationList = 6E751A05206D190900E5A49F /* Build configuration list for PBXProject "ARSearch" */;
			compatibilityVersion = "Xcode 8.0";
			developmentRegion = en;
			hasScannedForEncodings = 0;
			knownRegions = (
				en,
				Base,
			);
			mainGroup = 6E751A01206D190900E5A49F;
			productRefGroup = 6E751A0B206D190900E5A49F /* Products */;
			projectDirPath = "";
			projectRoot = "";
			targets = (
				6E751A09206D190900E5A49F /* ARSearch */,
			);
		};
/* End PBXProject section */

/* Begin PBXResourcesBuildPhase section */
		6E751A08206D190900E5A49F /* Resources */ = {
			isa = PBXResourcesBuildPhase;
			buildActionMask = 2147483647;
			files = (
				6E751A18206D190900E5A49F /* LaunchScreen.storyboard in Resources */,
				6E751A25206D24A100E5A49F /* art.scnassets in Resources */,
				6E751A15206D190900E5A49F /* Assets.xcassets in Resources */,
				6E751A13206D190900E5A49F /* Main.storyboard in Resources */,
			);
			runOnlyForDeploymentPostprocessing = 0;
		};
/* End PBXResourcesBuildPhase section */

/* Begin PBXShellScriptBuildPhase section */
		8C48646B1574071A8EFDBB2B /* [CP] Copy Pods Resources */ = {
			isa = PBXShellScriptBuildPhase;
			buildActionMask = 2147483647;
			files = (
			);
			inputPaths = (
			);
			name = "[CP] Copy Pods Resources";
			outputPaths = (
			);
			runOnlyForDeploymentPostprocessing = 0;
			shellPath = /bin/sh;
			shellScript = "\"${SRCROOT}/Pods/Target Support Files/Pods-ARSearch/Pods-ARSearch-resources.sh\"\n";
			showEnvVarsInLog = 0;
		};
		DC9D65CEF2EFA26802364E84 /* [CP] Embed Pods Frameworks */ = {
			isa = PBXShellScriptBuildPhase;
			buildActionMask = 2147483647;
			files = (
			);
			inputPaths = (
				"${SRCROOT}/Pods/Target Support Files/Pods-ARSearch/Pods-ARSearch-frameworks.sh",
				"${PODS_ROOT}/TomTomOnlineSDKSearch/TomTomOnlineSDKSearch/TomTomOnlineSDKSearch.framework",
				"${PODS_ROOT}/TomTomOnlineUtils/TomTomOnlineUtils/TomTomOnlineUtils.framework",
			);
			name = "[CP] Embed Pods Frameworks";
			outputPaths = (
				"${TARGET_BUILD_DIR}/${FRAMEWORKS_FOLDER_PATH}/TomTomOnlineSDKSearch.framework",
				"${TARGET_BUILD_DIR}/${FRAMEWORKS_FOLDER_PATH}/TomTomOnlineUtils.framework",
			);
			runOnlyForDeploymentPostprocessing = 0;
			shellPath = /bin/sh;
			shellScript = "\"${SRCROOT}/Pods/Target Support Files/Pods-ARSearch/Pods-ARSearch-frameworks.sh\"\n";
			showEnvVarsInLog = 0;
		};
		E6F8BCD7890E5D850A446C36 /* [CP] Check Pods Manifest.lock */ = {
			isa = PBXShellScriptBuildPhase;
			buildActionMask = 2147483647;
			files = (
			);
			inputPaths = (
				"${PODS_PODFILE_DIR_PATH}/Podfile.lock",
				"${PODS_ROOT}/Manifest.lock",
			);
			name = "[CP] Check Pods Manifest.lock";
			outputPaths = (
				"$(DERIVED_FILE_DIR)/Pods-ARSearch-checkManifestLockResult.txt",
			);
			runOnlyForDeploymentPostprocessing = 0;
			shellPath = /bin/sh;
			shellScript = "diff \"${PODS_PODFILE_DIR_PATH}/Podfile.lock\" \"${PODS_ROOT}/Manifest.lock\" > /dev/null\nif [ $? != 0 ] ; then\n    # print error to STDERR\n    echo \"error: The sandbox is not in sync with the Podfile.lock. Run 'pod install' or update your CocoaPods installation.\" >&2\n    exit 1\nfi\n# This output is used by Xcode 'outputs' to avoid re-running this script phase.\necho \"SUCCESS\" > \"${SCRIPT_OUTPUT_FILE_0}\"\n";
			showEnvVarsInLog = 0;
		};
/* End PBXShellScriptBuildPhase section */

/* Begin PBXSourcesBuildPhase section */
		6E751A06206D190900E5A49F /* Sources */ = {
			isa = PBXSourcesBuildPhase;
			buildActionMask = 2147483647;
			files = (
				6E751A10206D190900E5A49F /* ViewController.swift in Sources */,
				6E751A21206D247600E5A49F /* ARLocation.swift in Sources */,
				6E751A23206D248C00E5A49F /* FloatingPoint+Extension.swift in Sources */,
				6E751A0E206D190900E5A49F /* AppDelegate.swift in Sources */,
			);
			runOnlyForDeploymentPostprocessing = 0;
		};
/* End PBXSourcesBuildPhase section */

/* Begin PBXVariantGroup section */
		6E751A11206D190900E5A49F /* Main.storyboard */ = {
			isa = PBXVariantGroup;
			children = (
				6E751A12206D190900E5A49F /* Base */,
			);
			name = Main.storyboard;
			sourceTree = "<group>";
		};
		6E751A16206D190900E5A49F /* LaunchScreen.storyboard */ = {
			isa = PBXVariantGroup;
			children = (
				6E751A17206D190900E5A49F /* Base */,
			);
			name = LaunchScreen.storyboard;
			sourceTree = "<group>";
		};
/* End PBXVariantGroup section */

/* Begin XCBuildConfiguration section */
		6E751A1A206D190900E5A49F /* Debug */ = {
			isa = XCBuildConfiguration;
			buildSettings = {
				ALWAYS_SEARCH_USER_PATHS = NO;
				CLANG_ANALYZER_NONNULL = YES;
				CLANG_ANALYZER_NUMBER_OBJECT_CONVERSION = YES_AGGRESSIVE;
				CLANG_CXX_LANGUAGE_STANDARD = "gnu++14";
				CLANG_CXX_LIBRARY = "libc++";
				CLANG_ENABLE_MODULES = YES;
				CLANG_ENABLE_OBJC_ARC = YES;
				CLANG_WARN_BLOCK_CAPTURE_AUTORELEASING = YES;
				CLANG_WARN_BOOL_CONVERSION = YES;
				CLANG_WARN_COMMA = YES;
				CLANG_WARN_CONSTANT_CONVERSION = YES;
				CLANG_WARN_DIRECT_OBJC_ISA_USAGE = YES_ERROR;
				CLANG_WARN_DOCUMENTATION_COMMENTS = YES;
				CLANG_WARN_EMPTY_BODY = YES;
				CLANG_WARN_ENUM_CONVERSION = YES;
				CLANG_WARN_INFINITE_RECURSION = YES;
				CLANG_WARN_INT_CONVERSION = YES;
				CLANG_WARN_NON_LITERAL_NULL_CONVERSION = YES;
				CLANG_WARN_OBJC_LITERAL_CONVERSION = YES;
				CLANG_WARN_OBJC_ROOT_CLASS = YES_ERROR;
				CLANG_WARN_RANGE_LOOP_ANALYSIS = YES;
				CLANG_WARN_STRICT_PROTOTYPES = YES;
				CLANG_WARN_SUSPICIOUS_MOVE = YES;
				CLANG_WARN_UNGUARDED_AVAILABILITY = YES_AGGRESSIVE;
				CLANG_WARN_UNREACHABLE_CODE = YES;
				CLANG_WARN__DUPLICATE_METHOD_MATCH = YES;
				CODE_SIGN_IDENTITY = "iPhone Developer";
				COPY_PHASE_STRIP = NO;
				DEBUG_INFORMATION_FORMAT = dwarf;
				ENABLE_STRICT_OBJC_MSGSEND = YES;
				ENABLE_TESTABILITY = YES;
				GCC_C_LANGUAGE_STANDARD = gnu11;
				GCC_DYNAMIC_NO_PIC = NO;
				GCC_NO_COMMON_BLOCKS = YES;
				GCC_OPTIMIZATION_LEVEL = 0;
				GCC_PREPROCESSOR_DEFINITIONS = (
					"DEBUG=1",
					"$(inherited)",
				);
				GCC_WARN_64_TO_32_BIT_CONVERSION = YES;
				GCC_WARN_ABOUT_RETURN_TYPE = YES_ERROR;
				GCC_WARN_UNDECLARED_SELECTOR = YES;
				GCC_WARN_UNINITIALIZED_AUTOS = YES_AGGRESSIVE;
				GCC_WARN_UNUSED_FUNCTION = YES;
				GCC_WARN_UNUSED_VARIABLE = YES;
				IPHONEOS_DEPLOYMENT_TARGET = 11.2;
				MTL_ENABLE_DEBUG_INFO = YES;
				ONLY_ACTIVE_ARCH = YES;
				SDKROOT = iphoneos;
				SWIFT_ACTIVE_COMPILATION_CONDITIONS = DEBUG;
				SWIFT_OPTIMIZATION_LEVEL = "-Onone";
			};
			name = Debug;
		};
		6E751A1B206D190900E5A49F /* Release */ = {
			isa = XCBuildConfiguration;
			buildSettings = {
				ALWAYS_SEARCH_USER_PATHS = NO;
				CLANG_ANALYZER_NONNULL = YES;
				CLANG_ANALYZER_NUMBER_OBJECT_CONVERSION = YES_AGGRESSIVE;
				CLANG_CXX_LANGUAGE_STANDARD = "gnu++14";
				CLANG_CXX_LIBRARY = "libc++";
				CLANG_ENABLE_MODULES = YES;
				CLANG_ENABLE_OBJC_ARC = YES;
				CLANG_WARN_BLOCK_CAPTURE_AUTORELEASING = YES;
				CLANG_WARN_BOOL_CONVERSION = YES;
				CLANG_WARN_COMMA = YES;
				CLANG_WARN_CONSTANT_CONVERSION = YES;
				CLANG_WARN_DIRECT_OBJC_ISA_USAGE = YES_ERROR;
				CLANG_WARN_DOCUMENTATION_COMMENTS = YES;
				CLANG_WARN_EMPTY_BODY = YES;
				CLANG_WARN_ENUM_CONVERSION = YES;
				CLANG_WARN_INFINITE_RECURSION = YES;
				CLANG_WARN_INT_CONVERSION = YES;
				CLANG_WARN_NON_LITERAL_NULL_CONVERSION = YES;
				CLANG_WARN_OBJC_LITERAL_CONVERSION = YES;
				CLANG_WARN_OBJC_ROOT_CLASS = YES_ERROR;
				CLANG_WARN_RANGE_LOOP_ANALYSIS = YES;
				CLANG_WARN_STRICT_PROTOTYPES = YES;
				CLANG_WARN_SUSPICIOUS_MOVE = YES;
				CLANG_WARN_UNGUARDED_AVAILABILITY = YES_AGGRESSIVE;
				CLANG_WARN_UNREACHABLE_CODE = YES;
				CLANG_WARN__DUPLICATE_METHOD_MATCH = YES;
				CODE_SIGN_IDENTITY = "iPhone Developer";
				COPY_PHASE_STRIP = NO;
				DEBUG_INFORMATION_FORMAT = "dwarf-with-dsym";
				ENABLE_NS_ASSERTIONS = NO;
				ENABLE_STRICT_OBJC_MSGSEND = YES;
				GCC_C_LANGUAGE_STANDARD = gnu11;
				GCC_NO_COMMON_BLOCKS = YES;
				GCC_WARN_64_TO_32_BIT_CONVERSION = YES;
				GCC_WARN_ABOUT_RETURN_TYPE = YES_ERROR;
				GCC_WARN_UNDECLARED_SELECTOR = YES;
				GCC_WARN_UNINITIALIZED_AUTOS = YES_AGGRESSIVE;
				GCC_WARN_UNUSED_FUNCTION = YES;
				GCC_WARN_UNUSED_VARIABLE = YES;
				IPHONEOS_DEPLOYMENT_TARGET = 11.2;
				MTL_ENABLE_DEBUG_INFO = NO;
				SDKROOT = iphoneos;
				SWIFT_OPTIMIZATION_LEVEL = "-Owholemodule";
				VALIDATE_PRODUCT = YES;
			};
			name = Release;
		};
		6E751A1D206D190900E5A49F /* Debug */ = {
			isa = XCBuildConfiguration;
			baseConfigurationReference = 5674198E828D14769FD084D2 /* Pods-ARSearch.debug.xcconfig */;
			buildSettings = {
				ASSETCATALOG_COMPILER_APPICON_NAME = AppIcon;
				CODE_SIGN_STYLE = Automatic;
				DEVELOPMENT_TEAM = VP3J745N58;
				INFOPLIST_FILE = ARSearch/Info.plist;
				LD_RUNPATH_SEARCH_PATHS = "$(inherited) @executable_path/Frameworks";
				PRODUCT_BUNDLE_IDENTIFIER = MattChojnacki.ARSearch;
				PRODUCT_NAME = "$(TARGET_NAME)";
				SWIFT_VERSION = 4.0;
				TARGETED_DEVICE_FAMILY = "1,2";
			};
			name = Debug;
		};
		6E751A1E206D190900E5A49F /* Release */ = {
			isa = XCBuildConfiguration;
			baseConfigurationReference = 70761E57056F64D5B0E546A0 /* Pods-ARSearch.release.xcconfig */;
			buildSettings = {
				ASSETCATALOG_COMPILER_APPICON_NAME = AppIcon;
				CODE_SIGN_STYLE = Automatic;
				DEVELOPMENT_TEAM = VP3J745N58;
				INFOPLIST_FILE = ARSearch/Info.plist;
				LD_RUNPATH_SEARCH_PATHS = "$(inherited) @executable_path/Frameworks";
				PRODUCT_BUNDLE_IDENTIFIER = MattChojnacki.ARSearch;
				PRODUCT_NAME = "$(TARGET_NAME)";
				SWIFT_VERSION = 4.0;
				TARGETED_DEVICE_FAMILY = "1,2";
			};
			name = Release;
		};
/* End XCBuildConfiguration section */

/* Begin XCConfigurationList section */
		6E751A05206D190900E5A49F /* Build configuration list for PBXProject "ARSearch" */ = {
			isa = XCConfigurationList;
			buildConfigurations = (
				6E751A1A206D190900E5A49F /* Debug */,
				6E751A1B206D190900E5A49F /* Release */,
			);
			defaultConfigurationIsVisible = 0;
			defaultConfigurationName = Release;
		};
		6E751A1C206D190900E5A49F /* Build configuration list for PBXNativeTarget "ARSearch" */ = {
			isa = XCConfigurationList;
			buildConfigurations = (
				6E751A1D206D190900E5A49F /* Debug */,
				6E751A1E206D190900E5A49F /* Release */,
			);
			defaultConfigurationIsVisible = 0;
			defaultConfigurationName = Release;
		};
/* End XCConfigurationList section */
	};
	rootObject = 6E751A02206D190900E5A49F /* Project object */;
}
